// !$*UTF8*$!
{
	archiveVersion = 1;
	classes = {
	};
	objectVersion = 50;
	objects = {

/* Begin PBXBuildFile section */
		8E05637624AB82F7003706E0 /* ImageLoader.swift in Sources */ = {isa = PBXBuildFile; fileRef = 8E05637124AB82F7003706E0 /* ImageLoader.swift */; };
		8E05637724AB82F7003706E0 /* AsyncImage.swift in Sources */ = {isa = PBXBuildFile; fileRef = 8E05637224AB82F7003706E0 /* AsyncImage.swift */; };
		8E05637824AB82F7003706E0 /* APIError.swift in Sources */ = {isa = PBXBuildFile; fileRef = 8E05637424AB82F7003706E0 /* APIError.swift */; };
		8E05637924AB82F7003706E0 /* APIService.swift in Sources */ = {isa = PBXBuildFile; fileRef = 8E05637524AB82F7003706E0 /* APIService.swift */; };
		8E05637B24AB98BE003706E0 /* MissionsViewModel.swift in Sources */ = {isa = PBXBuildFile; fileRef = 8E05637A24AB98BE003706E0 /* MissionsViewModel.swift */; };
		8E05638324AB9E2B003706E0 /* WidgetKit.framework in Frameworks */ = {isa = PBXBuildFile; fileRef = 8E05638224AB9E2B003706E0 /* WidgetKit.framework */; };
		8E05638524AB9E2B003706E0 /* SwiftUI.framework in Frameworks */ = {isa = PBXBuildFile; fileRef = 8E05638424AB9E2B003706E0 /* SwiftUI.framework */; };
		8E05638824AB9E2B003706E0 /* MetroLinesWidget.swift in Sources */ = {isa = PBXBuildFile; fileRef = 8E05638724AB9E2B003706E0 /* MetroLinesWidget.swift */; };
		8E05638A24AB9E31003706E0 /* Assets.xcassets in Resources */ = {isa = PBXBuildFile; fileRef = 8E05638924AB9E31003706E0 /* Assets.xcassets */; };
		8E05638E24AB9E31003706E0 /* MetroLinesWidgetExtension.appex in Embed App Extensions */ = {isa = PBXBuildFile; fileRef = 8E05638024AB9E2B003706E0 /* MetroLinesWidgetExtension.appex */; settings = {ATTRIBUTES = (RemoveHeadersOnCopy, ); }; };
		8EFD608724AB35DB005A1F79 /* MetroLinesApp.swift in Sources */ = {isa = PBXBuildFile; fileRef = 8EFD608624AB35DB005A1F79 /* MetroLinesApp.swift */; };
		8EFD608924AB35DB005A1F79 /* ContentView.swift in Sources */ = {isa = PBXBuildFile; fileRef = 8EFD608824AB35DB005A1F79 /* ContentView.swift */; };
		8EFD608B24AB35E2005A1F79 /* Assets.xcassets in Resources */ = {isa = PBXBuildFile; fileRef = 8EFD608A24AB35E2005A1F79 /* Assets.xcassets */; };
		8EFD608E24AB35E2005A1F79 /* Preview Assets.xcassets in Resources */ = {isa = PBXBuildFile; fileRef = 8EFD608D24AB35E2005A1F79 /* Preview Assets.xcassets */; };
		8EFD609924AB35E2005A1F79 /* MetroLinesTests.swift in Sources */ = {isa = PBXBuildFile; fileRef = 8EFD609824AB35E2005A1F79 /* MetroLinesTests.swift */; };
		8EFD60A424AB35E3005A1F79 /* MetroLinesUITests.swift in Sources */ = {isa = PBXBuildFile; fileRef = 8EFD60A324AB35E3005A1F79 /* MetroLinesUITests.swift */; };
/* End PBXBuildFile section */

/* Begin PBXContainerItemProxy section */
		8E05638C24AB9E31003706E0 /* PBXContainerItemProxy */ = {
			isa = PBXContainerItemProxy;
			containerPortal = 8EFD607B24AB35DB005A1F79 /* Project object */;
			proxyType = 1;
			remoteGlobalIDString = 8E05637F24AB9E2B003706E0;
			remoteInfo = MetroLinesWidgetExtension;
		};
		8EFD609524AB35E2005A1F79 /* PBXContainerItemProxy */ = {
			isa = PBXContainerItemProxy;
			containerPortal = 8EFD607B24AB35DB005A1F79 /* Project object */;
			proxyType = 1;
			remoteGlobalIDString = 8EFD608224AB35DB005A1F79;
			remoteInfo = MetroLines;
		};
		8EFD60A024AB35E2005A1F79 /* PBXContainerItemProxy */ = {
			isa = PBXContainerItemProxy;
			containerPortal = 8EFD607B24AB35DB005A1F79 /* Project object */;
			proxyType = 1;
			remoteGlobalIDString = 8EFD608224AB35DB005A1F79;
			remoteInfo = MetroLines;
		};
/* End PBXContainerItemProxy section */

/* Begin PBXCopyFilesBuildPhase section */
		8E05639224AB9E31003706E0 /* Embed App Extensions */ = {
			isa = PBXCopyFilesBuildPhase;
			buildActionMask = 2147483647;
			dstPath = "";
			dstSubfolderSpec = 13;
			files = (
				8E05638E24AB9E31003706E0 /* MetroLinesWidgetExtension.appex in Embed App Extensions */,
			);
			name = "Embed App Extensions";
			runOnlyForDeploymentPostprocessing = 0;
		};
/* End PBXCopyFilesBuildPhase section */

/* Begin PBXFileReference section */
		8E05637124AB82F7003706E0 /* ImageLoader.swift */ = {isa = PBXFileReference; fileEncoding = 4; lastKnownFileType = sourcecode.swift; path = ImageLoader.swift; sourceTree = "<group>"; };
		8E05637224AB82F7003706E0 /* AsyncImage.swift */ = {isa = PBXFileReference; fileEncoding = 4; lastKnownFileType = sourcecode.swift; path = AsyncImage.swift; sourceTree = "<group>"; };
		8E05637424AB82F7003706E0 /* APIError.swift */ = {isa = PBXFileReference; fileEncoding = 4; lastKnownFileType = sourcecode.swift; path = APIError.swift; sourceTree = "<group>"; };
		8E05637524AB82F7003706E0 /* APIService.swift */ = {isa = PBXFileReference; fileEncoding = 4; lastKnownFileType = sourcecode.swift; path = APIService.swift; sourceTree = "<group>"; };
		8E05637A24AB98BE003706E0 /* MissionsViewModel.swift */ = {isa = PBXFileReference; lastKnownFileType = sourcecode.swift; path = MissionsViewModel.swift; sourceTree = "<group>"; };
		8E05638024AB9E2B003706E0 /* MetroLinesWidgetExtension.appex */ = {isa = PBXFileReference; explicitFileType = "wrapper.app-extension"; includeInIndex = 0; path = MetroLinesWidgetExtension.appex; sourceTree = BUILT_PRODUCTS_DIR; };
		8E05638224AB9E2B003706E0 /* WidgetKit.framework */ = {isa = PBXFileReference; lastKnownFileType = wrapper.framework; name = WidgetKit.framework; path = System/Library/Frameworks/WidgetKit.framework; sourceTree = SDKROOT; };
		8E05638424AB9E2B003706E0 /* SwiftUI.framework */ = {isa = PBXFileReference; lastKnownFileType = wrapper.framework; name = SwiftUI.framework; path = System/Library/Frameworks/SwiftUI.framework; sourceTree = SDKROOT; };
		8E05638724AB9E2B003706E0 /* MetroLinesWidget.swift */ = {isa = PBXFileReference; lastKnownFileType = sourcecode.swift; path = MetroLinesWidget.swift; sourceTree = "<group>"; };
		8E05638924AB9E31003706E0 /* Assets.xcassets */ = {isa = PBXFileReference; lastKnownFileType = folder.assetcatalog; path = Assets.xcassets; sourceTree = "<group>"; };
		8E05638B24AB9E31003706E0 /* Info.plist */ = {isa = PBXFileReference; lastKnownFileType = text.plist.xml; path = Info.plist; sourceTree = "<group>"; };
		8EFD608324AB35DB005A1F79 /* MetroLines.app */ = {isa = PBXFileReference; explicitFileType = wrapper.application; includeInIndex = 0; path = MetroLines.app; sourceTree = BUILT_PRODUCTS_DIR; };
		8EFD608624AB35DB005A1F79 /* MetroLinesApp.swift */ = {isa = PBXFileReference; lastKnownFileType = sourcecode.swift; path = MetroLinesApp.swift; sourceTree = "<group>"; };
		8EFD608824AB35DB005A1F79 /* ContentView.swift */ = {isa = PBXFileReference; lastKnownFileType = sourcecode.swift; path = ContentView.swift; sourceTree = "<group>"; };
		8EFD608A24AB35E2005A1F79 /* Assets.xcassets */ = {isa = PBXFileReference; lastKnownFileType = folder.assetcatalog; path = Assets.xcassets; sourceTree = "<group>"; };
		8EFD608D24AB35E2005A1F79 /* Preview Assets.xcassets */ = {isa = PBXFileReference; lastKnownFileType = folder.assetcatalog; path = "Preview Assets.xcassets"; sourceTree = "<group>"; };
		8EFD608F24AB35E2005A1F79 /* Info.plist */ = {isa = PBXFileReference; lastKnownFileType = text.plist.xml; path = Info.plist; sourceTree = "<group>"; };
		8EFD609424AB35E2005A1F79 /* MetroLinesTests.xctest */ = {isa = PBXFileReference; explicitFileType = wrapper.cfbundle; includeInIndex = 0; path = MetroLinesTests.xctest; sourceTree = BUILT_PRODUCTS_DIR; };
		8EFD609824AB35E2005A1F79 /* MetroLinesTests.swift */ = {isa = PBXFileReference; lastKnownFileType = sourcecode.swift; path = MetroLinesTests.swift; sourceTree = "<group>"; };
		8EFD609A24AB35E2005A1F79 /* Info.plist */ = {isa = PBXFileReference; lastKnownFileType = text.plist.xml; path = Info.plist; sourceTree = "<group>"; };
		8EFD609F24AB35E2005A1F79 /* MetroLinesUITests.xctest */ = {isa = PBXFileReference; explicitFileType = wrapper.cfbundle; includeInIndex = 0; path = MetroLinesUITests.xctest; sourceTree = BUILT_PRODUCTS_DIR; };
		8EFD60A324AB35E3005A1F79 /* MetroLinesUITests.swift */ = {isa = PBXFileReference; lastKnownFileType = sourcecode.swift; path = MetroLinesUITests.swift; sourceTree = "<group>"; };
		8EFD60A524AB35E3005A1F79 /* Info.plist */ = {isa = PBXFileReference; lastKnownFileType = text.plist.xml; path = Info.plist; sourceTree = "<group>"; };
/* End PBXFileReference section */

/* Begin PBXFrameworksBuildPhase section */
		8E05637D24AB9E2B003706E0 /* Frameworks */ = {
			isa = PBXFrameworksBuildPhase;
			buildActionMask = 2147483647;
			files = (
				8E05638524AB9E2B003706E0 /* SwiftUI.framework in Frameworks */,
				8E05638324AB9E2B003706E0 /* WidgetKit.framework in Frameworks */,
			);
			runOnlyForDeploymentPostprocessing = 0;
		};
		8EFD608024AB35DB005A1F79 /* Frameworks */ = {
			isa = PBXFrameworksBuildPhase;
			buildActionMask = 2147483647;
			files = (
			);
			runOnlyForDeploymentPostprocessing = 0;
		};
		8EFD609124AB35E2005A1F79 /* Frameworks */ = {
			isa = PBXFrameworksBuildPhase;
			buildActionMask = 2147483647;
			files = (
			);
			runOnlyForDeploymentPostprocessing = 0;
		};
		8EFD609C24AB35E2005A1F79 /* Frameworks */ = {
			isa = PBXFrameworksBuildPhase;
			buildActionMask = 2147483647;
			files = (
			);
			runOnlyForDeploymentPostprocessing = 0;
		};
/* End PBXFrameworksBuildPhase section */

/* Begin PBXGroup section */
		8E05636F24AB82F7003706E0 /* Backend */ = {
			isa = PBXGroup;
			children = (
				8E05637024AB82F7003706E0 /* Image */,
				8E05637324AB82F7003706E0 /* API */,
			);
			path = Backend;
			sourceTree = "<group>";
		};
		8E05637024AB82F7003706E0 /* Image */ = {
			isa = PBXGroup;
			children = (
				8E05637124AB82F7003706E0 /* ImageLoader.swift */,
				8E05637224AB82F7003706E0 /* AsyncImage.swift */,
			);
			path = Image;
			sourceTree = "<group>";
		};
		8E05637324AB82F7003706E0 /* API */ = {
			isa = PBXGroup;
			children = (
				8E05637424AB82F7003706E0 /* APIError.swift */,
				8E05637524AB82F7003706E0 /* APIService.swift */,
			);
			path = API;
			sourceTree = "<group>";
		};
		8E05638124AB9E2B003706E0 /* Frameworks */ = {
			isa = PBXGroup;
			children = (
				8E05638224AB9E2B003706E0 /* WidgetKit.framework */,
				8E05638424AB9E2B003706E0 /* SwiftUI.framework */,
			);
			name = Frameworks;
			sourceTree = "<group>";
		};
		8E05638624AB9E2B003706E0 /* MetroLinesWidget */ = {
			isa = PBXGroup;
			children = (
				8E05638724AB9E2B003706E0 /* MetroLinesWidget.swift */,
				8E05638924AB9E31003706E0 /* Assets.xcassets */,
				8E05638B24AB9E31003706E0 /* Info.plist */,
			);
			path = MetroLinesWidget;
			sourceTree = "<group>";
		};
		8EFD607A24AB35DB005A1F79 = {
			isa = PBXGroup;
			children = (
				8EFD608524AB35DB005A1F79 /* MetroLines */,
				8EFD609724AB35E2005A1F79 /* MetroLinesTests */,
				8EFD60A224AB35E3005A1F79 /* MetroLinesUITests */,
				8E05638624AB9E2B003706E0 /* MetroLinesWidget */,
				8E05638124AB9E2B003706E0 /* Frameworks */,
				8EFD608424AB35DB005A1F79 /* Products */,
			);
			sourceTree = "<group>";
		};
		8EFD608424AB35DB005A1F79 /* Products */ = {
			isa = PBXGroup;
			children = (
				8EFD608324AB35DB005A1F79 /* MetroLines.app */,
				8EFD609424AB35E2005A1F79 /* MetroLinesTests.xctest */,
				8EFD609F24AB35E2005A1F79 /* MetroLinesUITests.xctest */,
				8E05638024AB9E2B003706E0 /* MetroLinesWidgetExtension.appex */,
			);
			name = Products;
			sourceTree = "<group>";
		};
		8EFD608524AB35DB005A1F79 /* MetroLines */ = {
			isa = PBXGroup;
			children = (
				8EFD608624AB35DB005A1F79 /* MetroLinesApp.swift */,
				8EFD608824AB35DB005A1F79 /* ContentView.swift */,
				8E05637A24AB98BE003706E0 /* MissionsViewModel.swift */,
				8EFD608A24AB35E2005A1F79 /* Assets.xcassets */,
				8EFD608F24AB35E2005A1F79 /* Info.plist */,
				8E05636F24AB82F7003706E0 /* Backend */,
				8EFD608C24AB35E2005A1F79 /* Preview Content */,
			);
			path = MetroLines;
			sourceTree = "<group>";
		};
		8EFD608C24AB35E2005A1F79 /* Preview Content */ = {
			isa = PBXGroup;
			children = (
				8EFD608D24AB35E2005A1F79 /* Preview Assets.xcassets */,
			);
			path = "Preview Content";
			sourceTree = "<group>";
		};
		8EFD609724AB35E2005A1F79 /* MetroLinesTests */ = {
			isa = PBXGroup;
			children = (
				8EFD609824AB35E2005A1F79 /* MetroLinesTests.swift */,
				8EFD609A24AB35E2005A1F79 /* Info.plist */,
			);
			path = MetroLinesTests;
			sourceTree = "<group>";
		};
		8EFD60A224AB35E3005A1F79 /* MetroLinesUITests */ = {
			isa = PBXGroup;
			children = (
				8EFD60A324AB35E3005A1F79 /* MetroLinesUITests.swift */,
				8EFD60A524AB35E3005A1F79 /* Info.plist */,
			);
			path = MetroLinesUITests;
			sourceTree = "<group>";
		};
/* End PBXGroup section */

/* Begin PBXNativeTarget section */
		8E05637F24AB9E2B003706E0 /* MetroLinesWidgetExtension */ = {
			isa = PBXNativeTarget;
			buildConfigurationList = 8E05638F24AB9E31003706E0 /* Build configuration list for PBXNativeTarget "MetroLinesWidgetExtension" */;
			buildPhases = (
				8E05637C24AB9E2B003706E0 /* Sources */,
				8E05637D24AB9E2B003706E0 /* Frameworks */,
				8E05637E24AB9E2B003706E0 /* Resources */,
			);
			buildRules = (
			);
			dependencies = (
			);
			name = MetroLinesWidgetExtension;
			productName = MetroLinesWidgetExtension;
			productReference = 8E05638024AB9E2B003706E0 /* MetroLinesWidgetExtension.appex */;
			productType = "com.apple.product-type.app-extension";
		};
		8EFD608224AB35DB005A1F79 /* MetroLines */ = {
			isa = PBXNativeTarget;
			buildConfigurationList = 8EFD60A824AB35E3005A1F79 /* Build configuration list for PBXNativeTarget "MetroLines" */;
			buildPhases = (
				8EFD607F24AB35DB005A1F79 /* Sources */,
				8EFD608024AB35DB005A1F79 /* Frameworks */,
				8EFD608124AB35DB005A1F79 /* Resources */,
				8E05639224AB9E31003706E0 /* Embed App Extensions */,
			);
			buildRules = (
			);
			dependencies = (
				8E05638D24AB9E31003706E0 /* PBXTargetDependency */,
			);
			name = MetroLines;
			productName = MetroLines;
			productReference = 8EFD608324AB35DB005A1F79 /* MetroLines.app */;
			productType = "com.apple.product-type.application";
		};
		8EFD609324AB35E2005A1F79 /* MetroLinesTests */ = {
			isa = PBXNativeTarget;
			buildConfigurationList = 8EFD60AB24AB35E3005A1F79 /* Build configuration list for PBXNativeTarget "MetroLinesTests" */;
			buildPhases = (
				8EFD609024AB35E2005A1F79 /* Sources */,
				8EFD609124AB35E2005A1F79 /* Frameworks */,
				8EFD609224AB35E2005A1F79 /* Resources */,
			);
			buildRules = (
			);
			dependencies = (
				8EFD609624AB35E2005A1F79 /* PBXTargetDependency */,
			);
			name = MetroLinesTests;
			productName = MetroLinesTests;
			productReference = 8EFD609424AB35E2005A1F79 /* MetroLinesTests.xctest */;
			productType = "com.apple.product-type.bundle.unit-test";
		};
		8EFD609E24AB35E2005A1F79 /* MetroLinesUITests */ = {
			isa = PBXNativeTarget;
			buildConfigurationList = 8EFD60AE24AB35E3005A1F79 /* Build configuration list for PBXNativeTarget "MetroLinesUITests" */;
			buildPhases = (
				8EFD609B24AB35E2005A1F79 /* Sources */,
				8EFD609C24AB35E2005A1F79 /* Frameworks */,
				8EFD609D24AB35E2005A1F79 /* Resources */,
			);
			buildRules = (
			);
			dependencies = (
				8EFD60A124AB35E2005A1F79 /* PBXTargetDependency */,
			);
			name = MetroLinesUITests;
			productName = MetroLinesUITests;
			productReference = 8EFD609F24AB35E2005A1F79 /* MetroLinesUITests.xctest */;
			productType = "com.apple.product-type.bundle.ui-testing";
		};
/* End PBXNativeTarget section */

/* Begin PBXProject section */
		8EFD607B24AB35DB005A1F79 /* Project object */ = {
			isa = PBXProject;
			attributes = {
				LastSwiftUpdateCheck = 1200;
				LastUpgradeCheck = 1200;
				TargetAttributes = {
					8E05637F24AB9E2B003706E0 = {
						CreatedOnToolsVersion = 12.0;
					};
					8EFD608224AB35DB005A1F79 = {
						CreatedOnToolsVersion = 12.0;
					};
					8EFD609324AB35E2005A1F79 = {
						CreatedOnToolsVersion = 12.0;
						TestTargetID = 8EFD608224AB35DB005A1F79;
					};
					8EFD609E24AB35E2005A1F79 = {
						CreatedOnToolsVersion = 12.0;
						TestTargetID = 8EFD608224AB35DB005A1F79;
					};
				};
			};
			buildConfigurationList = 8EFD607E24AB35DB005A1F79 /* Build configuration list for PBXProject "MetroLines" */;
			compatibilityVersion = "Xcode 9.3";
			developmentRegion = en;
			hasScannedForEncodings = 0;
			knownRegions = (
				en,
				Base,
			);
			mainGroup = 8EFD607A24AB35DB005A1F79;
			productRefGroup = 8EFD608424AB35DB005A1F79 /* Products */;
			projectDirPath = "";
			projectRoot = "";
			targets = (
				8EFD608224AB35DB005A1F79 /* MetroLines */,
				8EFD609324AB35E2005A1F79 /* MetroLinesTests */,
				8EFD609E24AB35E2005A1F79 /* MetroLinesUITests */,
				8E05637F24AB9E2B003706E0 /* MetroLinesWidgetExtension */,
			);
		};
/* End PBXProject section */

/* Begin PBXResourcesBuildPhase section */
		8E05637E24AB9E2B003706E0 /* Resources */ = {
			isa = PBXResourcesBuildPhase;
			buildActionMask = 2147483647;
			files = (
				8E05638A24AB9E31003706E0 /* Assets.xcassets in Resources */,
			);
			runOnlyForDeploymentPostprocessing = 0;
		};
		8EFD608124AB35DB005A1F79 /* Resources */ = {
			isa = PBXResourcesBuildPhase;
			buildActionMask = 2147483647;
			files = (
				8EFD608E24AB35E2005A1F79 /* Preview Assets.xcassets in Resources */,
				8EFD608B24AB35E2005A1F79 /* Assets.xcassets in Resources */,
			);
			runOnlyForDeploymentPostprocessing = 0;
		};
		8EFD609224AB35E2005A1F79 /* Resources */ = {
			isa = PBXResourcesBuildPhase;
			buildActionMask = 2147483647;
			files = (
			);
			runOnlyForDeploymentPostprocessing = 0;
		};
		8EFD609D24AB35E2005A1F79 /* Resources */ = {
			isa = PBXResourcesBuildPhase;
			buildActionMask = 2147483647;
			files = (
			);
			runOnlyForDeploymentPostprocessing = 0;
		};
/* End PBXResourcesBuildPhase section */

/* Begin PBXSourcesBuildPhase section */
		8E05637C24AB9E2B003706E0 /* Sources */ = {
			isa = PBXSourcesBuildPhase;
			buildActionMask = 2147483647;
			files = (
				8E05638824AB9E2B003706E0 /* MetroLinesWidget.swift in Sources */,
			);
			runOnlyForDeploymentPostprocessing = 0;
		};
		8EFD607F24AB35DB005A1F79 /* Sources */ = {
			isa = PBXSourcesBuildPhase;
			buildActionMask = 2147483647;
			files = (
				8E05637724AB82F7003706E0 /* AsyncImage.swift in Sources */,
				8E05637B24AB98BE003706E0 /* MissionsViewModel.swift in Sources */,
				8EFD608924AB35DB005A1F79 /* ContentView.swift in Sources */,
				8EFD608724AB35DB005A1F79 /* MetroLinesApp.swift in Sources */,
				8E05637824AB82F7003706E0 /* APIError.swift in Sources */,
				8E05637924AB82F7003706E0 /* APIService.swift in Sources */,
				8E05637624AB82F7003706E0 /* ImageLoader.swift in Sources */,
			);
			runOnlyForDeploymentPostprocessing = 0;
		};
		8EFD609024AB35E2005A1F79 /* Sources */ = {
			isa = PBXSourcesBuildPhase;
			buildActionMask = 2147483647;
			files = (
				8EFD609924AB35E2005A1F79 /* MetroLinesTests.swift in Sources */,
			);
			runOnlyForDeploymentPostprocessing = 0;
		};
		8EFD609B24AB35E2005A1F79 /* Sources */ = {
			isa = PBXSourcesBuildPhase;
			buildActionMask = 2147483647;
			files = (
				8EFD60A424AB35E3005A1F79 /* MetroLinesUITests.swift in Sources */,
			);
			runOnlyForDeploymentPostprocessing = 0;
		};
/* End PBXSourcesBuildPhase section */

/* Begin PBXTargetDependency section */
		8E05638D24AB9E31003706E0 /* PBXTargetDependency */ = {
			isa = PBXTargetDependency;
			target = 8E05637F24AB9E2B003706E0 /* MetroLinesWidgetExtension */;
			targetProxy = 8E05638C24AB9E31003706E0 /* PBXContainerItemProxy */;
		};
		8EFD609624AB35E2005A1F79 /* PBXTargetDependency */ = {
			isa = PBXTargetDependency;
			target = 8EFD608224AB35DB005A1F79 /* MetroLines */;
			targetProxy = 8EFD609524AB35E2005A1F79 /* PBXContainerItemProxy */;
		};
		8EFD60A124AB35E2005A1F79 /* PBXTargetDependency */ = {
			isa = PBXTargetDependency;
			target = 8EFD608224AB35DB005A1F79 /* MetroLines */;
			targetProxy = 8EFD60A024AB35E2005A1F79 /* PBXContainerItemProxy */;
		};
/* End PBXTargetDependency section */

/* Begin XCBuildConfiguration section */
		8E05639024AB9E31003706E0 /* Debug */ = {
			isa = XCBuildConfiguration;
			buildSettings = {
				ASSETCATALOG_COMPILER_GLOBAL_ACCENT_COLOR_NAME = AccentColor;
				ASSETCATALOG_COMPILER_WIDGET_BACKGROUND_COLOR_NAME = WidgetBackground;
				CODE_SIGN_STYLE = Automatic;
				DEVELOPMENT_TEAM = P9CD4D4F5T;
				INFOPLIST_FILE = MetroLinesWidget/Info.plist;
				LD_RUNPATH_SEARCH_PATHS = (
					"$(inherited)",
					"@executable_path/Frameworks",
					"@executable_path/../../Frameworks",
				);
				PRODUCT_BUNDLE_IDENTIFIER = com.nchatharoo.MetroLines.MetroLinesWidget;
				PRODUCT_NAME = "$(TARGET_NAME)";
				SKIP_INSTALL = YES;
				SWIFT_VERSION = 5.0;
				TARGETED_DEVICE_FAMILY = "1,2";
			};
			name = Debug;
		};
		8E05639124AB9E31003706E0 /* Release */ = {
			isa = XCBuildConfiguration;
			buildSettings = {
				ASSETCATALOG_COMPILER_GLOBAL_ACCENT_COLOR_NAME = AccentColor;
				ASSETCATALOG_COMPILER_WIDGET_BACKGROUND_COLOR_NAME = WidgetBackground;
				CODE_SIGN_STYLE = Automatic;
				DEVELOPMENT_TEAM = P9CD4D4F5T;
				INFOPLIST_FILE = MetroLinesWidget/Info.plist;
				LD_RUNPATH_SEARCH_PATHS = (
					"$(inherited)",
					"@executable_path/Frameworks",
					"@executable_path/../../Frameworks",
				);
				PRODUCT_BUNDLE_IDENTIFIER = com.nchatharoo.MetroLines.MetroLinesWidget;
				PRODUCT_NAME = "$(TARGET_NAME)";
				SKIP_INSTALL = YES;
				SWIFT_VERSION = 5.0;
				TARGETED_DEVICE_FAMILY = "1,2";
			};
			name = Release;
		};
		8EFD60A624AB35E3005A1F79 /* Debug */ = {
			isa = XCBuildConfiguration;
			buildSettings = {
				ALWAYS_SEARCH_USER_PATHS = NO;
				CLANG_ANALYZER_NONNULL = YES;
				CLANG_ANALYZER_NUMBER_OBJECT_CONVERSION = YES_AGGRESSIVE;
				CLANG_CXX_LANGUAGE_STANDARD = "gnu++14";
				CLANG_CXX_LIBRARY = "libc++";
				CLANG_ENABLE_MODULES = YES;
				CLANG_ENABLE_OBJC_ARC = YES;
				CLANG_ENABLE_OBJC_WEAK = YES;
				CLANG_WARN_BLOCK_CAPTURE_AUTORELEASING = YES;
				CLANG_WARN_BOOL_CONVERSION = YES;
				CLANG_WARN_COMMA = YES;
				CLANG_WARN_CONSTANT_CONVERSION = YES;
				CLANG_WARN_DEPRECATED_OBJC_IMPLEMENTATIONS = YES;
				CLANG_WARN_DIRECT_OBJC_ISA_USAGE = YES_ERROR;
				CLANG_WARN_DOCUMENTATION_COMMENTS = YES;
				CLANG_WARN_EMPTY_BODY = YES;
				CLANG_WARN_ENUM_CONVERSION = YES;
				CLANG_WARN_INFINITE_RECURSION = YES;
				CLANG_WARN_INT_CONVERSION = YES;
				CLANG_WARN_NON_LITERAL_NULL_CONVERSION = YES;
				CLANG_WARN_OBJC_IMPLICIT_RETAIN_SELF = YES;
				CLANG_WARN_OBJC_LITERAL_CONVERSION = YES;
				CLANG_WARN_OBJC_ROOT_CLASS = YES_ERROR;
				CLANG_WARN_QUOTED_INCLUDE_IN_FRAMEWORK_HEADER = YES;
				CLANG_WARN_RANGE_LOOP_ANALYSIS = YES;
				CLANG_WARN_STRICT_PROTOTYPES = YES;
				CLANG_WARN_SUSPICIOUS_MOVE = YES;
				CLANG_WARN_UNGUARDED_AVAILABILITY = YES_AGGRESSIVE;
				CLANG_WARN_UNREACHABLE_CODE = YES;
				CLANG_WARN__DUPLICATE_METHOD_MATCH = YES;
				COPY_PHASE_STRIP = NO;
				DEBUG_INFORMATION_FORMAT = dwarf;
				ENABLE_STRICT_OBJC_MSGSEND = YES;
				ENABLE_TESTABILITY = YES;
				GCC_C_LANGUAGE_STANDARD = gnu11;
				GCC_DYNAMIC_NO_PIC = NO;
				GCC_NO_COMMON_BLOCKS = YES;
				GCC_OPTIMIZATION_LEVEL = 0;
				GCC_PREPROCESSOR_DEFINITIONS = (
					"DEBUG=1",
					"$(inherited)",
				);
				GCC_WARN_64_TO_32_BIT_CONVERSION = YES;
				GCC_WARN_ABOUT_RETURN_TYPE = YES_ERROR;
				GCC_WARN_UNDECLARED_SELECTOR = YES;
				GCC_WARN_UNINITIALIZED_AUTOS = YES_AGGRESSIVE;
				GCC_WARN_UNUSED_FUNCTION = YES;
				GCC_WARN_UNUSED_VARIABLE = YES;
				IPHONEOS_DEPLOYMENT_TARGET = 14.0;
				MTL_ENABLE_DEBUG_INFO = INCLUDE_SOURCE;
				MTL_FAST_MATH = YES;
				ONLY_ACTIVE_ARCH = YES;
				SDKROOT = iphoneos;
				SWIFT_ACTIVE_COMPILATION_CONDITIONS = DEBUG;
				SWIFT_OPTIMIZATION_LEVEL = "-Onone";
			};
			name = Debug;
		};
		8EFD60A724AB35E3005A1F79 /* Release */ = {
			isa = XCBuildConfiguration;
			buildSettings = {
				ALWAYS_SEARCH_USER_PATHS = NO;
				CLANG_ANALYZER_NONNULL = YES;
				CLANG_ANALYZER_NUMBER_OBJECT_CONVERSION = YES_AGGRESSIVE;
				CLANG_CXX_LANGUAGE_STANDARD = "gnu++14";
				CLANG_CXX_LIBRARY = "libc++";
				CLANG_ENABLE_MODULES = YES;
				CLANG_ENABLE_OBJC_ARC = YES;
				CLANG_ENABLE_OBJC_WEAK = YES;
				CLANG_WARN_BLOCK_CAPTURE_AUTORELEASING = YES;
				CLANG_WARN_BOOL_CONVERSION = YES;
				CLANG_WARN_COMMA = YES;
				CLANG_WARN_CONSTANT_CONVERSION = YES;
				CLANG_WARN_DEPRECATED_OBJC_IMPLEMENTATIONS = YES;
				CLANG_WARN_DIRECT_OBJC_ISA_USAGE = YES_ERROR;
				CLANG_WARN_DOCUMENTATION_COMMENTS = YES;
				CLANG_WARN_EMPTY_BODY = YES;
				CLANG_WARN_ENUM_CONVERSION = YES;
				CLANG_WARN_INFINITE_RECURSION = YES;
				CLANG_WARN_INT_CONVERSION = YES;
				CLANG_WARN_NON_LITERAL_NULL_CONVERSION = YES;
				CLANG_WARN_OBJC_IMPLICIT_RETAIN_SELF = YES;
				CLANG_WARN_OBJC_LITERAL_CONVERSION = YES;
				CLANG_WARN_OBJC_ROOT_CLASS = YES_ERROR;
				CLANG_WARN_QUOTED_INCLUDE_IN_FRAMEWORK_HEADER = YES;
				CLANG_WARN_RANGE_LOOP_ANALYSIS = YES;
				CLANG_WARN_STRICT_PROTOTYPES = YES;
				CLANG_WARN_SUSPICIOUS_MOVE = YES;
				CLANG_WARN_UNGUARDED_AVAILABILITY = YES_AGGRESSIVE;
				CLANG_WARN_UNREACHABLE_CODE = YES;
				CLANG_WARN__DUPLICATE_METHOD_MATCH = YES;
				COPY_PHASE_STRIP = NO;
				DEBUG_INFORMATION_FORMAT = "dwarf-with-dsym";
				ENABLE_NS_ASSERTIONS = NO;
				ENABLE_STRICT_OBJC_MSGSEND = YES;
				GCC_C_LANGUAGE_STANDARD = gnu11;
				GCC_NO_COMMON_BLOCKS = YES;
				GCC_WARN_64_TO_32_BIT_CONVERSION = YES;
				GCC_WARN_ABOUT_RETURN_TYPE = YES_ERROR;
				GCC_WARN_UNDECLARED_SELECTOR = YES;
				GCC_WARN_UNINITIALIZED_AUTOS = YES_AGGRESSIVE;
				GCC_WARN_UNUSED_FUNCTION = YES;
				GCC_WARN_UNUSED_VARIABLE = YES;
				IPHONEOS_DEPLOYMENT_TARGET = 14.0;
				MTL_ENABLE_DEBUG_INFO = NO;
				MTL_FAST_MATH = YES;
				SDKROOT = iphoneos;
				SWIFT_COMPILATION_MODE = wholemodule;
				SWIFT_OPTIMIZATION_LEVEL = "-O";
				VALIDATE_PRODUCT = YES;
			};
			name = Release;
		};
		8EFD60A924AB35E3005A1F79 /* Debug */ = {
			isa = XCBuildConfiguration;
			buildSettings = {
				ALWAYS_EMBED_SWIFT_STANDARD_LIBRARIES = YES;
				ASSETCATALOG_COMPILER_APPICON_NAME = AppIcon;
				ASSETCATALOG_COMPILER_GLOBAL_ACCENT_COLOR_NAME = AccentColor;
				CODE_SIGN_STYLE = Automatic;
				DEVELOPMENT_ASSET_PATHS = "\"MetroLines/Preview Content\"";
				DEVELOPMENT_TEAM = P9CD4D4F5T;
				ENABLE_PREVIEWS = YES;
				INFOPLIST_FILE = MetroLines/Info.plist;
				IPHONEOS_DEPLOYMENT_TARGET = 14.0;
				LD_RUNPATH_SEARCH_PATHS = (
					"$(inherited)",
					"@executable_path/Frameworks",
				);
				PRODUCT_BUNDLE_IDENTIFIER = com.nchatharoo.MetroLines;
				PRODUCT_NAME = "$(TARGET_NAME)";
				SWIFT_VERSION = 5.0;
				TARGETED_DEVICE_FAMILY = "1,2";
			};
			name = Debug;
		};
		8EFD60AA24AB35E3005A1F79 /* Release */ = {
			isa = XCBuildConfiguration;
			buildSettings = {
				ALWAYS_EMBED_SWIFT_STANDARD_LIBRARIES = YES;
				ASSETCATALOG_COMPILER_APPICON_NAME = AppIcon;
				ASSETCATALOG_COMPILER_GLOBAL_ACCENT_COLOR_NAME = AccentColor;
				CODE_SIGN_STYLE = Automatic;
				DEVELOPMENT_ASSET_PATHS = "\"MetroLines/Preview Content\"";
				DEVELOPMENT_TEAM = P9CD4D4F5T;
				ENABLE_PREVIEWS = YES;
				INFOPLIST_FILE = MetroLines/Info.plist;
				IPHONEOS_DEPLOYMENT_TARGET = 14.0;
				LD_RUNPATH_SEARCH_PATHS = (
					"$(inherited)",
					"@executable_path/Frameworks",
				);
				PRODUCT_BUNDLE_IDENTIFIER = com.nchatharoo.MetroLines;
				PRODUCT_NAME = "$(TARGET_NAME)";
				SWIFT_VERSION = 5.0;
				TARGETED_DEVICE_FAMILY = "1,2";
			};
			name = Release;
		};
		8EFD60AC24AB35E3005A1F79 /* Debug */ = {
			isa = XCBuildConfiguration;
			buildSettings = {
				ALWAYS_EMBED_SWIFT_STANDARD_LIBRARIES = YES;
				BUNDLE_LOADER = "$(TEST_HOST)";
				CODE_SIGN_STYLE = Automatic;
				DEVELOPMENT_TEAM = P9CD4D4F5T;
				INFOPLIST_FILE = MetroLinesTests/Info.plist;
				IPHONEOS_DEPLOYMENT_TARGET = 14.0;
				LD_RUNPATH_SEARCH_PATHS = (
					"$(inherited)",
					"@executable_path/Frameworks",
					"@loader_path/Frameworks",
				);
				PRODUCT_BUNDLE_IDENTIFIER = com.nchatharoo.MetroLinesTests;
				PRODUCT_NAME = "$(TARGET_NAME)";
				SWIFT_VERSION = 5.0;
				TARGETED_DEVICE_FAMILY = "1,2";
				TEST_HOST = "$(BUILT_PRODUCTS_DIR)/MetroLines.app/MetroLines";
			};
			name = Debug;
		};
		8EFD60AD24AB35E3005A1F79 /* Release */ = {
			isa = XCBuildConfiguration;
			buildSettings = {
				ALWAYS_EMBED_SWIFT_STANDARD_LIBRARIES = YES;
				BUNDLE_LOADER = "$(TEST_HOST)";
				CODE_SIGN_STYLE = Automatic;
				DEVELOPMENT_TEAM = P9CD4D4F5T;
				INFOPLIST_FILE = MetroLinesTests/Info.plist;
				IPHONEOS_DEPLOYMENT_TARGET = 14.0;
				LD_RUNPATH_SEARCH_PATHS = (
					"$(inherited)",
					"@executable_path/Frameworks",
					"@loader_path/Frameworks",
				);
				PRODUCT_BUNDLE_IDENTIFIER = com.nchatharoo.MetroLinesTests;
				PRODUCT_NAME = "$(TARGET_NAME)";
				SWIFT_VERSION = 5.0;
				TARGETED_DEVICE_FAMILY = "1,2";
				TEST_HOST = "$(BUILT_PRODUCTS_DIR)/MetroLines.app/MetroLines";
			};
			name = Release;
		};
		8EFD60AF24AB35E3005A1F79 /* Debug */ = {
			isa = XCBuildConfiguration;
			buildSettings = {
				ALWAYS_EMBED_SWIFT_STANDARD_LIBRARIES = YES;
				CODE_SIGN_STYLE = Automatic;
				DEVELOPMENT_TEAM = P9CD4D4F5T;
				INFOPLIST_FILE = MetroLinesUITests/Info.plist;
				LD_RUNPATH_SEARCH_PATHS = (
					"$(inherited)",
					"@executable_path/Frameworks",
					"@loader_path/Frameworks",
				);
				PRODUCT_BUNDLE_IDENTIFIER = com.nchatharoo.MetroLinesUITests;
				PRODUCT_NAME = "$(TARGET_NAME)";
				SWIFT_VERSION = 5.0;
				TARGETED_DEVICE_FAMILY = "1,2";
				TEST_TARGET_NAME = MetroLines;
			};
			name = Debug;
		};
		8EFD60B024AB35E3005A1F79 /* Release */ = {
			isa = XCBuildConfiguration;
			buildSettings = {
				ALWAYS_EMBED_SWIFT_STANDARD_LIBRARIES = YES;
				CODE_SIGN_STYLE = Automatic;
				DEVELOPMENT_TEAM = P9CD4D4F5T;
				INFOPLIST_FILE = MetroLinesUITests/Info.plist;
				LD_RUNPATH_SEARCH_PATHS = (
					"$(inherited)",
					"@executable_path/Frameworks",
					"@loader_path/Frameworks",
				);
				PRODUCT_BUNDLE_IDENTIFIER = com.nchatharoo.MetroLinesUITests;
				PRODUCT_NAME = "$(TARGET_NAME)";
				SWIFT_VERSION = 5.0;
				TARGETED_DEVICE_FAMILY = "1,2";
				TEST_TARGET_NAME = MetroLines;
			};
			name = Release;
		};
/* End XCBuildConfiguration section */

/* Begin XCConfigurationList section */
		8E05638F24AB9E31003706E0 /* Build configuration list for PBXNativeTarget "MetroLinesWidgetExtension" */ = {
			isa = XCConfigurationList;
			buildConfigurations = (
				8E05639024AB9E31003706E0 /* Debug */,
				8E05639124AB9E31003706E0 /* Release */,
			);
			defaultConfigurationIsVisible = 0;
			defaultConfigurationName = Release;
		};
		8EFD607E24AB35DB005A1F79 /* Build configuration list for PBXProject "MetroLines" */ = {
			isa = XCConfigurationList;
			buildConfigurations = (
				8EFD60A624AB35E3005A1F79 /* Debug */,
				8EFD60A724AB35E3005A1F79 /* Release */,
			);
			defaultConfigurationIsVisible = 0;
			defaultConfigurationName = Release;
		};
		8EFD60A824AB35E3005A1F79 /* Build configuration list for PBXNativeTarget "MetroLines" */ = {
			isa = XCConfigurationList;
			buildConfigurations = (
				8EFD60A924AB35E3005A1F79 /* Debug */,
				8EFD60AA24AB35E3005A1F79 /* Release */,
			);
			defaultConfigurationIsVisible = 0;
			defaultConfigurationName = Release;
		};
		8EFD60AB24AB35E3005A1F79 /* Build configuration list for PBXNativeTarget "MetroLinesTests" */ = {
			isa = XCConfigurationList;
			buildConfigurations = (
				8EFD60AC24AB35E3005A1F79 /* Debug */,
				8EFD60AD24AB35E3005A1F79 /* Release */,
			);
			defaultConfigurationIsVisible = 0;
			defaultConfigurationName = Release;
		};
		8EFD60AE24AB35E3005A1F79 /* Build configuration list for PBXNativeTarget "MetroLinesUITests" */ = {
			isa = XCConfigurationList;
			buildConfigurations = (
				8EFD60AF24AB35E3005A1F79 /* Debug */,
				8EFD60B024AB35E3005A1F79 /* Release */,
			);
			defaultConfigurationIsVisible = 0;
			defaultConfigurationName = Release;
		};
/* End XCConfigurationList section */
	};
	rootObject = 8EFD607B24AB35DB005A1F79 /* Project object */;
}
